
Microsoft Visual Studio Solution File, Format Version 12.00
# Visual Studio Version 17
VisualStudioVersion = 17.8.34408.163
MinimumVisualStudioVersion = 10.0.40219.1
Project("{9A19103F-16F7-4668-BE54-9A1E7A4F7556}") = "SequenceProgram", "SequenceProgram\SequenceProgram.csproj", "{BCF36FFA-E523-4ABF-8EED-B7408759FE7F}"
EndProject
Project("{9A19103F-16F7-4668-BE54-9A1E7A4F7556}") = "CylinderAreaAndVolume", "CylinderAreaAndVolume\CylinderAreaAndVolume.csproj", "{2D74C130-4120-43CB-8AC7-FA9FE8174BAF}"
EndProject
Project("{FAE04EC0-301F-11D3-BF4B-00C04F79EFBC}") = "Hexagon", "Hexagon\Hexagon.csproj", "{67973FF7-ED48-466D-90B3-1F9C7BC19B86}"
EndProject
Project("{FAE04EC0-301F-11D3-BF4B-00C04F79EFBC}") = "ModulusDivision", "ModulusDivision\ModulusDivision.csproj", "{95CF6A2C-CFB9-4535-BA48-D2A79686B45D}"
EndProject
Global
	GlobalSection(SolutionConfigurationPlatforms) = preSolution
		Debug|Any CPU = Debug|Any CPU
		Release|Any CPU = Release|Any CPU
	EndGlobalSection
	GlobalSection(ProjectConfigurationPlatforms) = postSolution
		{BCF36FFA-E523-4ABF-8EED-B7408759FE7F}.Debug|Any CPU.ActiveCfg = Debug|Any CPU
		{BCF36FFA-E523-4ABF-8EED-B7408759FE7F}.Debug|Any CPU.Build.0 = Debug|Any CPU
		{BCF36FFA-E523-4ABF-8EED-B7408759FE7F}.Release|Any CPU.ActiveCfg = Release|Any CPU
		{BCF36FFA-E523-4ABF-8EED-B7408759FE7F}.Release|Any CPU.Build.0 = Release|Any CPU
		{2D74C130-4120-43CB-8AC7-FA9FE8174BAF}.Debug|Any CPU.ActiveCfg = Debug|Any CPU
		{2D74C130-4120-43CB-8AC7-FA9FE8174BAF}.Debug|Any CPU.Build.0 = Debug|Any CPU
		{2D74C130-4120-43CB-8AC7-FA9FE8174BAF}.Release|Any CPU.ActiveCfg = Release|Any CPU
		{2D74C130-4120-43CB-8AC7-FA9FE8174BAF}.Release|Any CPU.Build.0 = Release|Any CPU
		{67973FF7-ED48-466D-90B3-1F9C7BC19B86}.Debug|Any CPU.ActiveCfg = Debug|Any CPU
		{67973FF7-ED48-466D-90B3-1F9C7BC19B86}.Debug|Any CPU.Build.0 = Debug|Any CPU
		{67973FF7-ED48-466D-90B3-1F9C7BC19B86}.Release|Any CPU.ActiveCfg = Release|Any CPU
		{67973FF7-ED48-466D-90B3-1F9C7BC19B86}.Release|Any CPU.Build.0 = Release|Any CPU
		{95CF6A2C-CFB9-4535-BA48-D2A79686B45D}.Debug|Any CPU.ActiveCfg = Debug|Any CPU
		{95CF6A2C-CFB9-4535-BA48-D2A79686B45D}.Debug|Any CPU.Build.0 = Debug|Any CPU
		{95CF6A2C-CFB9-4535-BA48-D2A79686B45D}.Release|Any CPU.ActiveCfg = Release|Any CPU
		{95CF6A2C-CFB9-4535-BA48-D2A79686B45D}.Release|Any CPU.Build.0 = Release|Any CPU
	EndGlobalSection
	GlobalSection(SolutionProperties) = preSolution
		HideSolutionNode = FALSE
	EndGlobalSection
	GlobalSection(ExtensibilityGlobals) = postSolution
		SolutionGuid = {BBDBC967-495A-4D45-A9FC-D7B548808754}
	EndGlobalSection
EndGlobal
